
Microsoft Visual Studio Solution File, Format Version 12.00
# Visual Studio Version 17
VisualStudioVersion = 17.14.36414.22
MinimumVisualStudioVersion = 10.0.40219.1
Project("{2150E333-8FDC-42A3-9474-1A3956D46DE8}") = "Task0", "Task0", "{02EA681E-C7D8-13C7-8484-4AC65E1B71E8}"
EndProject
Project("{FAE04EC0-301F-11D3-BF4B-00C04F79EFBC}") = "Tyuiu.ChetvertnyhAI.Sprint0.Task0.V0", "Tyuiu.ChetvertnyhAI.Sprint0.Task0.V0\Tyuiu.ChetvertnyhAI.Sprint0.Task0.V0.csproj", "{9CAF692C-AE79-4F94-B26B-24073DE6270D}"
EndProject
Project("{2150E333-8FDC-42A3-9474-1A3956D46DE8}") = "Task1", "Task1", "{5735111B-66F0-4535-A547-1E095044A8CA}"
EndProject
Project("{FAE04EC0-301F-11D3-BF4B-00C04F79EFBC}") = "Tyuiu.ChetvertnyhAI.Sprint0.Task1.V0", "Tyuiu.ChetvertnyhAI.Sprint0.Task1.V0\Tyuiu.ChetvertnyhAI.Sprint0.Task1.V0.csproj", "{363DE6C2-B6BD-41CE-B381-97D3DB824C39}"
EndProject
Project("{2150E333-8FDC-42A3-9474-1A3956D46DE8}") = "Task2", "Task2", "{D84F401F-D0E7-4C64-813A-DCFC2D5FFA80}"
EndProject
Project("{FAE04EC0-301F-11D3-BF4B-00C04F79EFBC}") = "Tyuiu.ChetvertnyhAI.Sprint0.Task2.V0", "Tyuiu.ChetvertnyhAI.Sprint0.Task2.V0\Tyuiu.ChetvertnyhAI.Sprint0.Task2.V0.csproj", "{7E409A09-D2CA-4850-BBC2-B82B53C519B3}"
EndProject
Project("{FAE04EC0-301F-11D3-BF4B-00C04F79EFBC}") = "Tyuiu.ChetvertnyhAI.Sprint0.Task2.V0.Lib", "Tyuiu.ChetvertnyhAI.Sprint0.Task2.V0.Lib\Tyuiu.ChetvertnyhAI.Sprint0.Task2.V0.Lib.csproj", "{D7FE504F-D967-4636-AC5D-ACADC00E869F}"
EndProject
Project("{FAE04EC0-301F-11D3-BF4B-00C04F79EFBC}") = "Tyuiu.ChetvertnyhAI.Sprint0.Task2.V0.Test", "Tyuiu.ChetvertnyhAI.Sprint0.Task2.V0.Test\Tyuiu.ChetvertnyhAI.Sprint0.Task2.V0.Test.csproj", "{F85F0F2A-B4FA-4B61-8B87-6410DEB2E84F}"
EndProject
Project("{2150E333-8FDC-42A3-9474-1A3956D46DE8}") = "Task3", "Task3", "{DC44D5DB-AF2A-4F10-8AFA-486959A76458}"
EndProject
Project("{FAE04EC0-301F-11D3-BF4B-00C04F79EFBC}") = "Tyuiu.ChetvertnyhAI.Sprint0.Task3.V0", "Tyuiu.ChetvertnyhAI.Sprint0.Task3.V0\Tyuiu.ChetvertnyhAI.Sprint0.Task3.V0.csproj", "{7B2C66F3-FC79-4C6D-A459-7CA2B655D9DB}"
EndProject
Project("{FAE04EC0-301F-11D3-BF4B-00C04F79EFBC}") = "Tyuiu.ChetvertnyhAI.Sprint0.Task3.V0.Lib", "Tyuiu.ChetvertnyhAI.Sprint0.Task3.V0.Lib\Tyuiu.ChetvertnyhAI.Sprint0.Task3.V0.Lib.csproj", "{B2ED5E8B-5E21-4913-945C-300968E9A8CD}"
EndProject
Project("{FAE04EC0-301F-11D3-BF4B-00C04F79EFBC}") = "Tyuiu.ChetvertnyhAI.Sprint0.Task3.V0.Test", "Tyuiu.ChetvertnyhAI.Sprint0.Task3.V0.Test\Tyuiu.ChetvertnyhAI.Sprint0.Task3.V0.Test.csproj", "{D8DF1185-3743-471B-B137-C1C49302CAFE}"
EndProject
Global
	GlobalSection(SolutionConfigurationPlatforms) = preSolution
		Debug|Any CPU = Debug|Any CPU
		Release|Any CPU = Release|Any CPU
	EndGlobalSection
	GlobalSection(ProjectConfigurationPlatforms) = postSolution
		{9CAF692C-AE79-4F94-B26B-24073DE6270D}.Debug|Any CPU.ActiveCfg = Debug|Any CPU
		{9CAF692C-AE79-4F94-B26B-24073DE6270D}.Debug|Any CPU.Build.0 = Debug|Any CPU
		{9CAF692C-AE79-4F94-B26B-24073DE6270D}.Release|Any CPU.ActiveCfg = Release|Any CPU
		{9CAF692C-AE79-4F94-B26B-24073DE6270D}.Release|Any CPU.Build.0 = Release|Any CPU
		{363DE6C2-B6BD-41CE-B381-97D3DB824C39}.Debug|Any CPU.ActiveCfg = Debug|Any CPU
		{363DE6C2-B6BD-41CE-B381-97D3DB824C39}.Debug|Any CPU.Build.0 = Debug|Any CPU
		{363DE6C2-B6BD-41CE-B381-97D3DB824C39}.Release|Any CPU.ActiveCfg = Release|Any CPU
		{363DE6C2-B6BD-41CE-B381-97D3DB824C39}.Release|Any CPU.Build.0 = Release|Any CPU
		{7E409A09-D2CA-4850-BBC2-B82B53C519B3}.Debug|Any CPU.ActiveCfg = Debug|Any CPU
		{7E409A09-D2CA-4850-BBC2-B82B53C519B3}.Debug|Any CPU.Build.0 = Debug|Any CPU
		{7E409A09-D2CA-4850-BBC2-B82B53C519B3}.Release|Any CPU.ActiveCfg = Release|Any CPU
		{7E409A09-D2CA-4850-BBC2-B82B53C519B3}.Release|Any CPU.Build.0 = Release|Any CPU
		{D7FE504F-D967-4636-AC5D-ACADC00E869F}.Debug|Any CPU.ActiveCfg = Debug|Any CPU
		{D7FE504F-D967-4636-AC5D-ACADC00E869F}.Debug|Any CPU.Build.0 = Debug|Any CPU
		{D7FE504F-D967-4636-AC5D-ACADC00E869F}.Release|Any CPU.ActiveCfg = Release|Any CPU
		{D7FE504F-D967-4636-AC5D-ACADC00E869F}.Release|Any CPU.Build.0 = Release|Any CPU
		{F85F0F2A-B4FA-4B61-8B87-6410DEB2E84F}.Debug|Any CPU.ActiveCfg = Debug|Any CPU
		{F85F0F2A-B4FA-4B61-8B87-6410DEB2E84F}.Debug|Any CPU.Build.0 = Debug|Any CPU
		{F85F0F2A-B4FA-4B61-8B87-6410DEB2E84F}.Release|Any CPU.ActiveCfg = Release|Any CPU
		{F85F0F2A-B4FA-4B61-8B87-6410DEB2E84F}.Release|Any CPU.Build.0 = Release|Any CPU
		{7B2C66F3-FC79-4C6D-A459-7CA2B655D9DB}.Debug|Any CPU.ActiveCfg = Debug|Any CPU
		{7B2C66F3-FC79-4C6D-A459-7CA2B655D9DB}.Debug|Any CPU.Build.0 = Debug|Any CPU
		{7B2C66F3-FC79-4C6D-A459-7CA2B655D9DB}.Release|Any CPU.ActiveCfg = Release|Any CPU
		{7B2C66F3-FC79-4C6D-A459-7CA2B655D9DB}.Release|Any CPU.Build.0 = Release|Any CPU
		{B2ED5E8B-5E21-4913-945C-300968E9A8CD}.Debug|Any CPU.ActiveCfg = Debug|Any CPU
		{B2ED5E8B-5E21-4913-945C-300968E9A8CD}.Debug|Any CPU.Build.0 = Debug|Any CPU
		{B2ED5E8B-5E21-4913-945C-300968E9A8CD}.Release|Any CPU.ActiveCfg = Release|Any CPU
		{B2ED5E8B-5E21-4913-945C-300968E9A8CD}.Release|Any CPU.Build.0 = Release|Any CPU
		{D8DF1185-3743-471B-B137-C1C49302CAFE}.Debug|Any CPU.ActiveCfg = Debug|Any CPU
		{D8DF1185-3743-471B-B137-C1C49302CAFE}.Debug|Any CPU.Build.0 = Debug|Any CPU
		{D8DF1185-3743-471B-B137-C1C49302CAFE}.Release|Any CPU.ActiveCfg = Release|Any CPU
		{D8DF1185-3743-471B-B137-C1C49302CAFE}.Release|Any CPU.Build.0 = Release|Any CPU
	EndGlobalSection
	GlobalSection(SolutionProperties) = preSolution
		HideSolutionNode = FALSE
	EndGlobalSection
	GlobalSection(NestedProjects) = preSolution
		{9CAF692C-AE79-4F94-B26B-24073DE6270D} = {02EA681E-C7D8-13C7-8484-4AC65E1B71E8}
		{363DE6C2-B6BD-41CE-B381-97D3DB824C39} = {5735111B-66F0-4535-A547-1E095044A8CA}
		{7E409A09-D2CA-4850-BBC2-B82B53C519B3} = {D84F401F-D0E7-4C64-813A-DCFC2D5FFA80}
		{D7FE504F-D967-4636-AC5D-ACADC00E869F} = {D84F401F-D0E7-4C64-813A-DCFC2D5FFA80}
		{F85F0F2A-B4FA-4B61-8B87-6410DEB2E84F} = {D84F401F-D0E7-4C64-813A-DCFC2D5FFA80}
		{7B2C66F3-FC79-4C6D-A459-7CA2B655D9DB} = {DC44D5DB-AF2A-4F10-8AFA-486959A76458}
		{B2ED5E8B-5E21-4913-945C-300968E9A8CD} = {DC44D5DB-AF2A-4F10-8AFA-486959A76458}
		{D8DF1185-3743-471B-B137-C1C49302CAFE} = {DC44D5DB-AF2A-4F10-8AFA-486959A76458}
	EndGlobalSection
	GlobalSection(ExtensibilityGlobals) = postSolution
		SolutionGuid = {EA7E4B4B-0167-4336-A062-D9F0C6ED16AA}
	EndGlobalSection
EndGlobal
