
Microsoft Visual Studio Solution File, Format Version 12.00
# Visual Studio Version 17
VisualStudioVersion = 17.14.36414.22
MinimumVisualStudioVersion = 10.0.40219.1
Project("{2150E333-8FDC-42A3-9474-1A3956D46DE8}") = "Task0", "Task0", "{02EA681E-C7D8-13C7-8484-4AC65E1B71E8}"
EndProject
Project("{FAE04EC0-301F-11D3-BF4B-00C04F79EFBC}") = "Tyuiu.ChetvertnyhAI.Sprint0.Task0.V0", "Tyuiu.ChetvertnyhAI.Sprint0.Task0.V0\Tyuiu.ChetvertnyhAI.Sprint0.Task0.V0.csproj", "{9CAF692C-AE79-4F94-B26B-24073DE6270D}"
EndProject
Project("{2150E333-8FDC-42A3-9474-1A3956D46DE8}") = "Task1", "Task1", "{5735111B-66F0-4535-A547-1E095044A8CA}"
EndProject
Project("{FAE04EC0-301F-11D3-BF4B-00C04F79EFBC}") = "Tyuiu.ChetvertnyhAI.Sprint0.Task1.V0", "Tyuiu.ChetvertnyhAI.Sprint0.Task1.V0\Tyuiu.ChetvertnyhAI.Sprint0.Task1.V0.csproj", "{363DE6C2-B6BD-41CE-B381-97D3DB824C39}"
EndProject
Project("{2150E333-8FDC-42A3-9474-1A3956D46DE8}") = "Task2", "Task2", "{D84F401F-D0E7-4C64-813A-DCFC2D5FFA80}"
EndProject
Project("{FAE04EC0-301F-11D3-BF4B-00C04F79EFBC}") = "Tyuiu.ChetvertnyhAI.Sprint0.Task2.V0", "Tyuiu.ChetvertnyhAI.Sprint0.Task2.V0\Tyuiu.ChetvertnyhAI.Sprint0.Task2.V0.csproj", "{7E409A09-D2CA-4850-BBC2-B82B53C519B3}"
EndProject
Project("{FAE04EC0-301F-11D3-BF4B-00C04F79EFBC}") = "Tyuiu.ChetvertnyhAI.Sprint0.Task2.V0.Lib", "Tyuiu.ChetvertnyhAI.Sprint0.Task2.V0.Lib\Tyuiu.ChetvertnyhAI.Sprint0.Task2.V0.Lib.csproj", "{D7FE504F-D967-4636-AC5D-ACADC00E869F}"
EndProject
Project("{FAE04EC0-301F-11D3-BF4B-00C04F79EFBC}") = "Tyuiu.ChetvertnyhAI.Sprint0.Task2.V0.Test", "Tyuiu.ChetvertnyhAI.Sprint0.Task2.V0.Test\Tyuiu.ChetvertnyhAI.Sprint0.Task2.V0.Test.csproj", "{F85F0F2A-B4FA-4B61-8B87-6410DEB2E84F}"
EndProject
Project("{2150E333-8FDC-42A3-9474-1A3956D46DE8}") = "Task3", "Task3", "{DC44D5DB-AF2A-4F10-8AFA-486959A76458}"
EndProject
Project("{FAE04EC0-301F-11D3-BF4B-00C04F79EFBC}") = "Tyuiu.ChetvertnyhAI.Sprint0.Task3.V0", "Tyuiu.ChetvertnyhAI.Sprint0.Task3.V0\Tyuiu.ChetvertnyhAI.Sprint0.Task3.V0.csproj", "{7B2C66F3-FC79-4C6D-A459-7CA2B655D9DB}"
EndProject
Project("{FAE04EC0-301F-11D3-BF4B-00C04F79EFBC}") = "Tyuiu.ChetvertnyhAI.Sprint0.Task3.V0.Lib", "Tyuiu.ChetvertnyhAI.Sprint0.Task3.V0.Lib\Tyuiu.ChetvertnyhAI.Sprint0.Task3.V0.Lib.csproj", "{B2ED5E8B-5E21-4913-945C-300968E9A8CD}"
EndProject
Project("{FAE04EC0-301F-11D3-BF4B-00C04F79EFBC}") = "Tyuiu.ChetvertnyhAI.Sprint0.Task3.V0.Test", "Tyuiu.ChetvertnyhAI.Sprint0.Task3.V0.Test\Tyuiu.ChetvertnyhAI.Sprint0.Task3.V0.Test.csproj", "{D8DF1185-3743-471B-B137-C1C49302CAFE}"
EndProject
Project("{2150E333-8FDC-42A3-9474-1A3956D46DE8}") = "Task4", "Task4", "{B3B8F060-C68F-4841-9B68-562473F1042A}"
EndProject
Project("{FAE04EC0-301F-11D3-BF4B-00C04F79EFBC}") = "Tyuiu.ChetvertnyhAI.Sprint0.Task4.V0.Test", "Tyuiu.ChetvertnyhAI.Sprint0.Task4.V0.Test\Tyuiu.ChetvertnyhAI.Sprint0.Task4.V0.Test.csproj", "{61BCAF46-55C2-4998-9DE9-BA622C4C5F59}"
EndProject
Project("{FAE04EC0-301F-11D3-BF4B-00C04F79EFBC}") = "Tyuiu.ChetvertnyhAI.Sprint0.Task4.V0.Lib", "Tyuiu.ChetvertnyhAI.Sprint0.Task4.V0.Lib\Tyuiu.ChetvertnyhAI.Sprint0.Task4.V0.Lib.csproj", "{2B0EF4F0-891E-4FE9-B94F-A7DE51145425}"
EndProject
Project("{FAE04EC0-301F-11D3-BF4B-00C04F79EFBC}") = "Tyuiu.ChetvertnyhAI.Sprint0.Task4.V0", "Tyuiu.ChetvertnyhAI.Sprint0.Task4.V0\Tyuiu.ChetvertnyhAI.Sprint0.Task4.V0.csproj", "{749F02D3-31B1-42F9-8341-99CCF98F081D}"
EndProject
Project("{2150E333-8FDC-42A3-9474-1A3956D46DE8}") = "Task5", "Task5", "{BC65B86B-65A5-4E58-B8D1-24319957D458}"
EndProject
Project("{FAE04EC0-301F-11D3-BF4B-00C04F79EFBC}") = "Tyuiu.ChetvertnyhAI.Sprint0.Task5.V0", "Tyuiu.ChetvertnyhAI.Sprint0.Task5.V0\Tyuiu.ChetvertnyhAI.Sprint0.Task5.V0.csproj", "{03A5AAE5-E376-45AF-B344-43DA87F3D0BB}"
EndProject
Project("{FAE04EC0-301F-11D3-BF4B-00C04F79EFBC}") = "Tyuiu.ChetvertnyhAI.Sprint0.Task5.V0.Lib", "Tyuiu.ChetvertnyhAI.Sprint0.Task5.V0.Lib\Tyuiu.ChetvertnyhAI.Sprint0.Task5.V0.Lib.csproj", "{3BD057C0-5C0F-46BA-9155-7C6760459EBE}"
EndProject
Project("{FAE04EC0-301F-11D3-BF4B-00C04F79EFBC}") = "Tyuiu.ChetvertnyhAI.Sprint0.Task5.V0.Test", "Tyuiu.ChetvertnyhAI.Sprint0.Task5.V0.Test\Tyuiu.ChetvertnyhAI.Sprint0.Task5.V0.Test.csproj", "{EF98F3E0-9C99-46FB-ABD1-ED56BDA5BA36}"
EndProject
Project("{2150E333-8FDC-42A3-9474-1A3956D46DE8}") = "Task6", "Task6", "{058368D7-E8D5-40A9-B762-B981B3DE1F5E}"
EndProject
Project("{FAE04EC0-301F-11D3-BF4B-00C04F79EFBC}") = "Tyuiu.ChetvertnyhAI.Sprint0.Task6.V0", "Tyuiu.ChetvertnyhAI.Sprint0.Task6.V0\Tyuiu.ChetvertnyhAI.Sprint0.Task6.V0.csproj", "{FE487BE5-C266-4A01-886D-3D4795E3B9A1}"
EndProject
Project("{FAE04EC0-301F-11D3-BF4B-00C04F79EFBC}") = "Tyuiu.ChetvertnyhAI.Sprint0.Task6.V0.Test", "Tyuiu.ChetvertnyhAI.Sprint0.Task6.V0.Test\Tyuiu.ChetvertnyhAI.Sprint0.Task6.V0.Test.csproj", "{EDF9F610-89FC-4696-9279-07E28D46AA2B}"
EndProject
Project("{FAE04EC0-301F-11D3-BF4B-00C04F79EFBC}") = "Tyuiu.ChetvertnyhAI.Sprint0.Task6.V0.Lib", "Tyuiu.ChetvertnyhAI.Sprint0.Task6.V0.Lib\Tyuiu.ChetvertnyhAI.Sprint0.Task6.V0.Lib.csproj", "{723F31AE-BF7B-47CD-BD16-8DD8CDBE63B3}"
EndProject
Project("{2150E333-8FDC-42A3-9474-1A3956D46DE8}") = "Task7", "Task7", "{BED809E9-F61C-491D-9418-D408C21EFAEA}"
EndProject
Project("{FAE04EC0-301F-11D3-BF4B-00C04F79EFBC}") = "Tyuiu.ChetvertnyhAI.Sprint0.Task7.V0", "Tyuiu.ChetvertnyhAI.Sprint0.Task7.V0\Tyuiu.ChetvertnyhAI.Sprint0.Task7.V0.csproj", "{66EB1B69-5AFA-4E9F-8EA7-21DFEA66D695}"
EndProject
Project("{FAE04EC0-301F-11D3-BF4B-00C04F79EFBC}") = "Tyuiu.ChetvertnyhAI.Sprint0.Task7.V0.Lib", "Tyuiu.ChetvertnyhAI.Sprint0.Task7.V0.Lib\Tyuiu.ChetvertnyhAI.Sprint0.Task7.V0.Lib.csproj", "{E489B37C-C913-4FC7-A283-83711115408F}"
EndProject
Project("{FAE04EC0-301F-11D3-BF4B-00C04F79EFBC}") = "Tyuiu.ChetvertnyhAI.Sprint0.Task7.V0.Test", "Tyuiu.ChetvertnyhAI.Sprint0.Task7.V0.Test\Tyuiu.ChetvertnyhAI.Sprint0.Task7.V0.Test.csproj", "{3DB4C37F-2329-4394-A245-CF8410C0399E}"
EndProject
Global
	GlobalSection(SolutionConfigurationPlatforms) = preSolution
		Debug|Any CPU = Debug|Any CPU
		Release|Any CPU = Release|Any CPU
	EndGlobalSection
	GlobalSection(ProjectConfigurationPlatforms) = postSolution
		{9CAF692C-AE79-4F94-B26B-24073DE6270D}.Debug|Any CPU.ActiveCfg = Debug|Any CPU
		{9CAF692C-AE79-4F94-B26B-24073DE6270D}.Debug|Any CPU.Build.0 = Debug|Any CPU
		{9CAF692C-AE79-4F94-B26B-24073DE6270D}.Release|Any CPU.ActiveCfg = Release|Any CPU
		{9CAF692C-AE79-4F94-B26B-24073DE6270D}.Release|Any CPU.Build.0 = Release|Any CPU
		{363DE6C2-B6BD-41CE-B381-97D3DB824C39}.Debug|Any CPU.ActiveCfg = Debug|Any CPU
		{363DE6C2-B6BD-41CE-B381-97D3DB824C39}.Debug|Any CPU.Build.0 = Debug|Any CPU
		{363DE6C2-B6BD-41CE-B381-97D3DB824C39}.Release|Any CPU.ActiveCfg = Release|Any CPU
		{363DE6C2-B6BD-41CE-B381-97D3DB824C39}.Release|Any CPU.Build.0 = Release|Any CPU
		{7E409A09-D2CA-4850-BBC2-B82B53C519B3}.Debug|Any CPU.ActiveCfg = Debug|Any CPU
		{7E409A09-D2CA-4850-BBC2-B82B53C519B3}.Debug|Any CPU.Build.0 = Debug|Any CPU
		{7E409A09-D2CA-4850-BBC2-B82B53C519B3}.Release|Any CPU.ActiveCfg = Release|Any CPU
		{7E409A09-D2CA-4850-BBC2-B82B53C519B3}.Release|Any CPU.Build.0 = Release|Any CPU
		{D7FE504F-D967-4636-AC5D-ACADC00E869F}.Debug|Any CPU.ActiveCfg = Debug|Any CPU
		{D7FE504F-D967-4636-AC5D-ACADC00E869F}.Debug|Any CPU.Build.0 = Debug|Any CPU
		{D7FE504F-D967-4636-AC5D-ACADC00E869F}.Release|Any CPU.ActiveCfg = Release|Any CPU
		{D7FE504F-D967-4636-AC5D-ACADC00E869F}.Release|Any CPU.Build.0 = Release|Any CPU
		{F85F0F2A-B4FA-4B61-8B87-6410DEB2E84F}.Debug|Any CPU.ActiveCfg = Debug|Any CPU
		{F85F0F2A-B4FA-4B61-8B87-6410DEB2E84F}.Debug|Any CPU.Build.0 = Debug|Any CPU
		{F85F0F2A-B4FA-4B61-8B87-6410DEB2E84F}.Release|Any CPU.ActiveCfg = Release|Any CPU
		{F85F0F2A-B4FA-4B61-8B87-6410DEB2E84F}.Release|Any CPU.Build.0 = Release|Any CPU
		{7B2C66F3-FC79-4C6D-A459-7CA2B655D9DB}.Debug|Any CPU.ActiveCfg = Debug|Any CPU
		{7B2C66F3-FC79-4C6D-A459-7CA2B655D9DB}.Debug|Any CPU.Build.0 = Debug|Any CPU
		{7B2C66F3-FC79-4C6D-A459-7CA2B655D9DB}.Release|Any CPU.ActiveCfg = Release|Any CPU
		{7B2C66F3-FC79-4C6D-A459-7CA2B655D9DB}.Release|Any CPU.Build.0 = Release|Any CPU
		{B2ED5E8B-5E21-4913-945C-300968E9A8CD}.Debug|Any CPU.ActiveCfg = Debug|Any CPU
		{B2ED5E8B-5E21-4913-945C-300968E9A8CD}.Debug|Any CPU.Build.0 = Debug|Any CPU
		{B2ED5E8B-5E21-4913-945C-300968E9A8CD}.Release|Any CPU.ActiveCfg = Release|Any CPU
		{B2ED5E8B-5E21-4913-945C-300968E9A8CD}.Release|Any CPU.Build.0 = Release|Any CPU
		{D8DF1185-3743-471B-B137-C1C49302CAFE}.Debug|Any CPU.ActiveCfg = Debug|Any CPU
		{D8DF1185-3743-471B-B137-C1C49302CAFE}.Debug|Any CPU.Build.0 = Debug|Any CPU
		{D8DF1185-3743-471B-B137-C1C49302CAFE}.Release|Any CPU.ActiveCfg = Release|Any CPU
		{D8DF1185-3743-471B-B137-C1C49302CAFE}.Release|Any CPU.Build.0 = Release|Any CPU
		{61BCAF46-55C2-4998-9DE9-BA622C4C5F59}.Debug|Any CPU.ActiveCfg = Debug|Any CPU
		{61BCAF46-55C2-4998-9DE9-BA622C4C5F59}.Debug|Any CPU.Build.0 = Debug|Any CPU
		{61BCAF46-55C2-4998-9DE9-BA622C4C5F59}.Release|Any CPU.ActiveCfg = Release|Any CPU
		{61BCAF46-55C2-4998-9DE9-BA622C4C5F59}.Release|Any CPU.Build.0 = Release|Any CPU
		{2B0EF4F0-891E-4FE9-B94F-A7DE51145425}.Debug|Any CPU.ActiveCfg = Debug|Any CPU
		{2B0EF4F0-891E-4FE9-B94F-A7DE51145425}.Debug|Any CPU.Build.0 = Debug|Any CPU
		{2B0EF4F0-891E-4FE9-B94F-A7DE51145425}.Release|Any CPU.ActiveCfg = Release|Any CPU
		{2B0EF4F0-891E-4FE9-B94F-A7DE51145425}.Release|Any CPU.Build.0 = Release|Any CPU
		{749F02D3-31B1-42F9-8341-99CCF98F081D}.Debug|Any CPU.ActiveCfg = Debug|Any CPU
		{749F02D3-31B1-42F9-8341-99CCF98F081D}.Debug|Any CPU.Build.0 = Debug|Any CPU
		{749F02D3-31B1-42F9-8341-99CCF98F081D}.Release|Any CPU.ActiveCfg = Release|Any CPU
		{749F02D3-31B1-42F9-8341-99CCF98F081D}.Release|Any CPU.Build.0 = Release|Any CPU
		{03A5AAE5-E376-45AF-B344-43DA87F3D0BB}.Debug|Any CPU.ActiveCfg = Debug|Any CPU
		{03A5AAE5-E376-45AF-B344-43DA87F3D0BB}.Debug|Any CPU.Build.0 = Debug|Any CPU
		{03A5AAE5-E376-45AF-B344-43DA87F3D0BB}.Release|Any CPU.ActiveCfg = Release|Any CPU
		{03A5AAE5-E376-45AF-B344-43DA87F3D0BB}.Release|Any CPU.Build.0 = Release|Any CPU
		{3BD057C0-5C0F-46BA-9155-7C6760459EBE}.Debug|Any CPU.ActiveCfg = Debug|Any CPU
		{3BD057C0-5C0F-46BA-9155-7C6760459EBE}.Debug|Any CPU.Build.0 = Debug|Any CPU
		{3BD057C0-5C0F-46BA-9155-7C6760459EBE}.Release|Any CPU.ActiveCfg = Release|Any CPU
		{3BD057C0-5C0F-46BA-9155-7C6760459EBE}.Release|Any CPU.Build.0 = Release|Any CPU
		{EF98F3E0-9C99-46FB-ABD1-ED56BDA5BA36}.Debug|Any CPU.ActiveCfg = Debug|Any CPU
		{EF98F3E0-9C99-46FB-ABD1-ED56BDA5BA36}.Debug|Any CPU.Build.0 = Debug|Any CPU
		{EF98F3E0-9C99-46FB-ABD1-ED56BDA5BA36}.Release|Any CPU.ActiveCfg = Release|Any CPU
		{EF98F3E0-9C99-46FB-ABD1-ED56BDA5BA36}.Release|Any CPU.Build.0 = Release|Any CPU
		{FE487BE5-C266-4A01-886D-3D4795E3B9A1}.Debug|Any CPU.ActiveCfg = Debug|Any CPU
		{FE487BE5-C266-4A01-886D-3D4795E3B9A1}.Debug|Any CPU.Build.0 = Debug|Any CPU
		{FE487BE5-C266-4A01-886D-3D4795E3B9A1}.Release|Any CPU.ActiveCfg = Release|Any CPU
		{FE487BE5-C266-4A01-886D-3D4795E3B9A1}.Release|Any CPU.Build.0 = Release|Any CPU
		{EDF9F610-89FC-4696-9279-07E28D46AA2B}.Debug|Any CPU.ActiveCfg = Debug|Any CPU
		{EDF9F610-89FC-4696-9279-07E28D46AA2B}.Debug|Any CPU.Build.0 = Debug|Any CPU
		{EDF9F610-89FC-4696-9279-07E28D46AA2B}.Release|Any CPU.ActiveCfg = Release|Any CPU
		{EDF9F610-89FC-4696-9279-07E28D46AA2B}.Release|Any CPU.Build.0 = Release|Any CPU
		{723F31AE-BF7B-47CD-BD16-8DD8CDBE63B3}.Debug|Any CPU.ActiveCfg = Debug|Any CPU
		{723F31AE-BF7B-47CD-BD16-8DD8CDBE63B3}.Debug|Any CPU.Build.0 = Debug|Any CPU
		{723F31AE-BF7B-47CD-BD16-8DD8CDBE63B3}.Release|Any CPU.ActiveCfg = Release|Any CPU
		{723F31AE-BF7B-47CD-BD16-8DD8CDBE63B3}.Release|Any CPU.Build.0 = Release|Any CPU
		{66EB1B69-5AFA-4E9F-8EA7-21DFEA66D695}.Debug|Any CPU.ActiveCfg = Debug|Any CPU
		{66EB1B69-5AFA-4E9F-8EA7-21DFEA66D695}.Debug|Any CPU.Build.0 = Debug|Any CPU
		{66EB1B69-5AFA-4E9F-8EA7-21DFEA66D695}.Release|Any CPU.ActiveCfg = Release|Any CPU
		{66EB1B69-5AFA-4E9F-8EA7-21DFEA66D695}.Release|Any CPU.Build.0 = Release|Any CPU
		{E489B37C-C913-4FC7-A283-83711115408F}.Debug|Any CPU.ActiveCfg = Debug|Any CPU
		{E489B37C-C913-4FC7-A283-83711115408F}.Debug|Any CPU.Build.0 = Debug|Any CPU
		{E489B37C-C913-4FC7-A283-83711115408F}.Release|Any CPU.ActiveCfg = Release|Any CPU
		{E489B37C-C913-4FC7-A283-83711115408F}.Release|Any CPU.Build.0 = Release|Any CPU
		{3DB4C37F-2329-4394-A245-CF8410C0399E}.Debug|Any CPU.ActiveCfg = Debug|Any CPU
		{3DB4C37F-2329-4394-A245-CF8410C0399E}.Debug|Any CPU.Build.0 = Debug|Any CPU
		{3DB4C37F-2329-4394-A245-CF8410C0399E}.Release|Any CPU.ActiveCfg = Release|Any CPU
		{3DB4C37F-2329-4394-A245-CF8410C0399E}.Release|Any CPU.Build.0 = Release|Any CPU
	EndGlobalSection
	GlobalSection(SolutionProperties) = preSolution
		HideSolutionNode = FALSE
	EndGlobalSection
	GlobalSection(NestedProjects) = preSolution
		{9CAF692C-AE79-4F94-B26B-24073DE6270D} = {02EA681E-C7D8-13C7-8484-4AC65E1B71E8}
		{363DE6C2-B6BD-41CE-B381-97D3DB824C39} = {5735111B-66F0-4535-A547-1E095044A8CA}
		{7E409A09-D2CA-4850-BBC2-B82B53C519B3} = {D84F401F-D0E7-4C64-813A-DCFC2D5FFA80}
		{D7FE504F-D967-4636-AC5D-ACADC00E869F} = {D84F401F-D0E7-4C64-813A-DCFC2D5FFA80}
		{F85F0F2A-B4FA-4B61-8B87-6410DEB2E84F} = {D84F401F-D0E7-4C64-813A-DCFC2D5FFA80}
		{7B2C66F3-FC79-4C6D-A459-7CA2B655D9DB} = {DC44D5DB-AF2A-4F10-8AFA-486959A76458}
		{B2ED5E8B-5E21-4913-945C-300968E9A8CD} = {DC44D5DB-AF2A-4F10-8AFA-486959A76458}
		{D8DF1185-3743-471B-B137-C1C49302CAFE} = {DC44D5DB-AF2A-4F10-8AFA-486959A76458}
		{61BCAF46-55C2-4998-9DE9-BA622C4C5F59} = {B3B8F060-C68F-4841-9B68-562473F1042A}
		{2B0EF4F0-891E-4FE9-B94F-A7DE51145425} = {B3B8F060-C68F-4841-9B68-562473F1042A}
		{749F02D3-31B1-42F9-8341-99CCF98F081D} = {B3B8F060-C68F-4841-9B68-562473F1042A}
		{03A5AAE5-E376-45AF-B344-43DA87F3D0BB} = {BC65B86B-65A5-4E58-B8D1-24319957D458}
		{3BD057C0-5C0F-46BA-9155-7C6760459EBE} = {BC65B86B-65A5-4E58-B8D1-24319957D458}
		{EF98F3E0-9C99-46FB-ABD1-ED56BDA5BA36} = {BC65B86B-65A5-4E58-B8D1-24319957D458}
		{FE487BE5-C266-4A01-886D-3D4795E3B9A1} = {058368D7-E8D5-40A9-B762-B981B3DE1F5E}
		{EDF9F610-89FC-4696-9279-07E28D46AA2B} = {058368D7-E8D5-40A9-B762-B981B3DE1F5E}
		{723F31AE-BF7B-47CD-BD16-8DD8CDBE63B3} = {058368D7-E8D5-40A9-B762-B981B3DE1F5E}
		{66EB1B69-5AFA-4E9F-8EA7-21DFEA66D695} = {BED809E9-F61C-491D-9418-D408C21EFAEA}
		{E489B37C-C913-4FC7-A283-83711115408F} = {BED809E9-F61C-491D-9418-D408C21EFAEA}
		{3DB4C37F-2329-4394-A245-CF8410C0399E} = {BED809E9-F61C-491D-9418-D408C21EFAEA}
	EndGlobalSection
	GlobalSection(ExtensibilityGlobals) = postSolution
		SolutionGuid = {EA7E4B4B-0167-4336-A062-D9F0C6ED16AA}
	EndGlobalSection
EndGlobal
